
Microsoft Visual Studio Solution File, Format Version 12.00
# Visual Studio Version 16
VisualStudioVersion = 16.0.30320.27
MinimumVisualStudioVersion = 10.0.40219.1
Project("{FAE04EC0-301F-11D3-BF4B-00C04F79EFBC}") = "Obilet.Business", "Obilet.Business\Obilet.Business.csproj", "{20909475-0A5F-4D9D-8907-88102D4B499C}"
EndProject
Project("{FAE04EC0-301F-11D3-BF4B-00C04F79EFBC}") = "Obilet.Entities", "Obilet.Entities\Obilet.Entities.csproj", "{EE3294CD-09BD-4A72-B79D-590DD8671F50}"
EndProject
Project("{FAE04EC0-301F-11D3-BF4B-00C04F79EFBC}") = "Obilet.WebUI", "Obilet.WebUI\Obilet.WebUI.csproj", "{8349F60B-F407-4645-B0B9-7F75F882448C}"
EndProject
Global
	GlobalSection(SolutionConfigurationPlatforms) = preSolution
		Debug|Any CPU = Debug|Any CPU
		Release|Any CPU = Release|Any CPU
	EndGlobalSection
	GlobalSection(ProjectConfigurationPlatforms) = postSolution
		{20909475-0A5F-4D9D-8907-88102D4B499C}.Debug|Any CPU.ActiveCfg = Debug|Any CPU
		{20909475-0A5F-4D9D-8907-88102D4B499C}.Debug|Any CPU.Build.0 = Debug|Any CPU
		{20909475-0A5F-4D9D-8907-88102D4B499C}.Release|Any CPU.ActiveCfg = Release|Any CPU
		{20909475-0A5F-4D9D-8907-88102D4B499C}.Release|Any CPU.Build.0 = Release|Any CPU
		{EE3294CD-09BD-4A72-B79D-590DD8671F50}.Debug|Any CPU.ActiveCfg = Debug|Any CPU
		{EE3294CD-09BD-4A72-B79D-590DD8671F50}.Debug|Any CPU.Build.0 = Debug|Any CPU
		{EE3294CD-09BD-4A72-B79D-590DD8671F50}.Release|Any CPU.ActiveCfg = Release|Any CPU
		{EE3294CD-09BD-4A72-B79D-590DD8671F50}.Release|Any CPU.Build.0 = Release|Any CPU
		{8349F60B-F407-4645-B0B9-7F75F882448C}.Debug|Any CPU.ActiveCfg = Debug|Any CPU
		{8349F60B-F407-4645-B0B9-7F75F882448C}.Debug|Any CPU.Build.0 = Debug|Any CPU
		{8349F60B-F407-4645-B0B9-7F75F882448C}.Release|Any CPU.ActiveCfg = Release|Any CPU
		{8349F60B-F407-4645-B0B9-7F75F882448C}.Release|Any CPU.Build.0 = Release|Any CPU
	EndGlobalSection
	GlobalSection(SolutionProperties) = preSolution
		HideSolutionNode = FALSE
	EndGlobalSection
	GlobalSection(ExtensibilityGlobals) = postSolution
		SolutionGuid = {96124AD7-544E-48B6-9480-868D6DBCA7BF}
	EndGlobalSection
EndGlobal
